{
  "name": "chemistry-god-2023",
  "lockfileVersion": 3,
  "requires": true,
  "packages": {
    "": {
      "dependencies": {
        "bun": "^1.0.2"
      }
    },
    "node_modules/@oven/bun-darwin-aarch64": {
      "version": "1.0.2",
      "resolved": "https://registry.npmjs.org/@oven/bun-darwin-aarch64/-/bun-darwin-aarch64-1.0.2.tgz",
      "integrity": "sha512-zuhgD8ZaiMGtr4W8KTUCKECuuyFhRoY48qwjoHWJPp5icL+oTKfiU/DxhxZzXc/b0vihKM/LX/BdlNTYRxCB/A==",
      "cpu": [
        "arm64"
      ],
      "optional": true,
      "os": [
        "darwin"
      ]
    },
    "node_modules/@oven/bun-darwin-x64": {
      "version": "1.0.2",
      "resolved": "https://registry.npmjs.org/@oven/bun-darwin-x64/-/bun-darwin-x64-1.0.2.tgz",
      "integrity": "sha512-6oideJEl0BsXirWay1eNRf5gHIR3eTZnN8lAvrBXv46heRK+VLP8WACxdYb8f5Z7HsWYr59QivdHV6165MTMFw==",
      "cpu": [
        "x64"
      ],
      "optional": true,
      "os": [
        "darwin"
      ]
    },
    "node_modules/@oven/bun-darwin-x64-baseline": {
      "version": "1.0.2",
      "resolved": "https://registry.npmjs.org/@oven/bun-darwin-x64-baseline/-/bun-darwin-x64-baseline-1.0.2.tgz",
      "integrity": "sha512-+yrg+ECiwXJsnaIj1eeBVJooNK8pUD7uI+wbWZypaeY4k+Q48YDT2er40AiMbpfQE3bTjQhcrMrD0qOaghyZvw==",
      "cpu": [
        "x64"
      ],
      "optional": true,
      "os": [
        "darwin"
      ]
    },
    "node_modules/@oven/bun-linux-aarch64": {
      "version": "1.0.2",
      "resolved": "https://registry.npmjs.org/@oven/bun-linux-aarch64/-/bun-linux-aarch64-1.0.2.tgz",
      "integrity": "sha512-gVOwBHjOB+ucM3gOCsorRxt6U42QUJTDFkWGqQZmzPu2HL02d5t2tfr4/HpEzUXSrY5tJV0HRd/iWaXIA5a+mQ==",
      "cpu": [
        "arm64"
      ],
      "optional": true,
      "os": [
        "linux"
      ]
    },
    "node_modules/@oven/bun-linux-x64": {
      "version": "1.0.2",
      "resolved": "https://registry.npmjs.org/@oven/bun-linux-x64/-/bun-linux-x64-1.0.2.tgz",
      "integrity": "sha512-sBOMGfyO1A6oSpYkv++WaNB2IcA2J9Z4dttfeo6ArrHYrCBLguDKhm3mKrqA6EdYmqX14ub2Ox2yXeWT5v0QiQ==",
      "cpu": [
        "x64"
      ],
      "optional": true,
      "os": [
        "linux"
      ]
    },
    "node_modules/@oven/bun-linux-x64-baseline": {
      "version": "1.0.2",
      "resolved": "https://registry.npmjs.org/@oven/bun-linux-x64-baseline/-/bun-linux-x64-baseline-1.0.2.tgz",
      "integrity": "sha512-BQER9BlUPieDnNJEC1bLOod7UR153Q0bGARjto7EuUrXlwB2HXsoVSwU8AYiAQBhCxNBxv6UcGaqH58DbX5Dog==",
      "cpu": [
        "x64"
      ],
      "optional": true,
      "os": [
        "linux"
      ]
    },
    "node_modules/bun": {
      "version": "1.0.2",
      "resolved": "https://registry.npmjs.org/bun/-/bun-1.0.2.tgz",
      "integrity": "sha512-CkVsc5kMaiV2HCuEBkAZ4mOFBL/C8k7Ui4XnvwP8AAPWCkFXx40OQ5GOHw8qbOZr2+Vzux2vO9JptJPQpA41iA==",
      "cpu": [
        "arm64",
        "x64"
      ],
      "hasInstallScript": true,
      "os": [
        "darwin",
        "linux"
      ],
      "bin": {
        "bun": "bin/bun",
        "bunx": "bin/bun"
      },
      "optionalDependencies": {
        "@oven/bun-darwin-aarch64": "1.0.2",
        "@oven/bun-darwin-x64": "1.0.2",
        "@oven/bun-darwin-x64-baseline": "1.0.2",
        "@oven/bun-linux-aarch64": "1.0.2",
        "@oven/bun-linux-x64": "1.0.2",
        "@oven/bun-linux-x64-baseline": "1.0.2"
      }
    }
  }
}
